github.com/davecgh/go-spew v1.1.1 h1:vj9j/u1bqnvCEfJOwUhtlOARqs3+rkHYY13jYWTU97c=
github.com/davecgh/go-spew v1.1.1/go.mod h1:J7Y8YcW2NihsgmVo/mv3lAwl/skON4iLHjSsI+c5H38=
github.com/dustin/go-humanize v1.0.1 h1:GzkhY7T5VNhEkwH0PVJgjz+fX1rhBrR7pRT3mDkpeCY=
github.com/dustin/go-humanize v1.0.1/go.mod h1:Mu1zIs6XwVuF/gI1OepvI0qD18qycQx+mFykh5fBlto=
github.com/keybase/backoff v1.0.1-0.20160517061000-726b63b835ec h1:D6qL2WCnAuxucGbmL+mDW8IKRK1pex+R1fw5rKa9nXc=
github.com/keybase/backoff v1.0.1-0.20160517061000-726b63b835ec/go.mod h1:jeBKj+20GIDry3doFsAMYH9n7Y3l7ajE3xJrKvVB23s=
github.com/keybase/client/go v0.0.0-20260910152715-4ecd24619236 h1:9KWlivqO6ZemIsH0NzuRCFCc01gBH3wLNNE2Ua0Zl6I=
github.com/keybase/client/go v0.0.0-20260910152715-4ecd24619236/go.mod h1:YRrQDXdldFI3GofACWqLj0FbZJDeS2iLtdLA4xaORFY=
github.com/keybase/clockwork v0.1.1-0.20161209210251-976f45f4a979 h1:WABVkjKJ3UjbSTgGayemkXfUyZrDwFShivsoIikbM3c=
github.com/keybase/clockwork v0.1.1-0.20161209210251-976f45f4a979/go.mod h1:2j97e0ZjlWYV7dDdV8BjKwMUmBbXu6zZF8FAa9gXRss=
github.com/keybase/go-codec v0.0.0-20180928230036-164397562123 h1:yg56lYPqh9suJepqxOMd/liFgU/x+maRPiB30JNYykM=
github.com/keybase/go-codec v0.0.0-20180928230036-164397562123/go.mod h1:r/eVVWCngg6TsFV/3HuS9sWhDkAzGG8mXhiuYA+Z/20=
github.com/keybase/go-framed-msgpack-rpc v0.0.0-20260909184308-742055b1a3f3 h1:N4/g1VQj9H8un8tIj9WsMUMJZZFx3l0W4IHo0xvdP0Y=
github.com/keybase/go-framed-msgpack-rpc v0.0.0-20260909184308-742055b1a3f3/go.mod h1:dKTafmQW2AWjPKuG89whxj4SnTK7aXPaHJpWhoGrv8Q=
github.com/keybase/go-jsonw v0.0.0-20200325173637-df90f282c233 h1:zLk+cB/0ShMCBcgBOXYgellLZiZahXFicJleKyrlqiM=
github.com/keybase/go-jsonw v0.0.0-20200325173637-df90f282c233/go.mod h1:lofKQwj13L0/7ji5VYaY0257JDlQE2BRRf+rI2Vk1rU=
github.com/keybase/msgpackzip v0.0.0-20260909174327-47c0c65d548a h1:dxjiwq5xszalMRoLe1yaYOuaq3XahhtzeJA4BnDwDzs=
github.com/keybase/msgpackzip v0.0.0-20260909174327-47c0c65d548a/go.mod h1:e7Dq51qGcFMq2MebC+icQZZ+vRk9tyvrNUVdDChtOTk=
github.com/pmezard/go-difflib v1.0.0 h1:4DBwDE0NGyQoBHbLQYPwSUPoCMWR5BEzIk/f1lZbAQM=
github.com/pmezard/go-difflib v1.0.0/go.mod h1:iKH77koFhYxTK1pcRnkKkqfTogsbg7gZNVY4sRDYZ/4=
github.com/reiver/go-oi v1.0.0 h1:nvECWD7LF+vOs8leNGV/ww+F2iZKf3EYjYZ527turzM=
github.com/reiver/go-oi v1.0.0/go.mod h1:RrDBct90BAhoDTxB1fenZwfykqeGvhI6LsNfStJoEkI=
github.com/reiver/go-telnet v0.0.0-20180421082511-9ff0b2ab096e h1:quuzZLi72kkJjl+f5AQ93FMcadG19WkS7MO6TXFOSas=
github.com/reiver/go-telnet v0.0.0-20180421082511-9ff0b2ab096e/go.mod h1:+5vNVvEWwEIx86DB9Ke/+a5wBI464eDRo3eF0LcfpWg=
github.com/stretchr/testify v1.11.1 h1:7s2iGBzp5EwR7/aIZr8ao5+dra3wiQyKjjFuvgVKu7U=
github.com/stretchr/testify v1.11.1/go.mod h1:wZwfW3scLgRK+23gO65QZefKpKQRnfz6sD981Nm4B6U=
golang.org/x/net v0.59.0 h1:5zfYln+w5XCxwrnMMJPufRgNoXEaGxl0wo5GqPXyues=
golang.org/x/net v0.59.0/go.mod h1:2DA/G1UfVbCpQPeWTmMPGY7Cs2PkBkwu743bVX5PIVg=
golang.org/x/sync v0.23.0 h1:KameEIfc1IkluZyXWLn39Wd4tURc6GbCiISGiZm2bQk=
golang.org/x/sync v0.23.0/go.mod h1:sUUOizhqBxiL6pEWpqNLUiaJn1ShEbZ6BBqskPbjZm0=
gopkg.in/check.v1 v0.0.0-20161208181325-20d25e280405 h1:yhCVgyC4o1eVCa2tZl7eS0r+SDo693bJlVdllGtEeKM=
gopkg.in/check.v1 v0.0.0-20161208181325-20d25e280405/go.mod h1:Co6ibVJAznAaIkqp8huTwlJQCZ016jof/cbN4VW5Yz0=
gopkg.in/yaml.v3 v3.0.1 h1:fxVm/GzAzEWqLHuvctI91KS9hhNmmWOoWu0XTYJS7CA=
gopkg.in/yaml.v3 v3.0.1/go.mod h1:K4uyk7z7BCEPqu6E+C64Yfv1cQ7kz7rIZviUmN+EgEM=
