github.com/davecgh/go-spew v1.1.1 h1:vj9j/u1bqnvCEfJOwUhtlOARqs3+rkHYY13jYWTU97c=
github.com/davecgh/go-spew v1.1.1/go.mod h1:J7Y8YcW2NihsgmVo/mv3lAwl/skON4iLHjSsI+c5H38=
github.com/dustin/go-humanize v1.0.0 h1:VSnTsYCnlFHaM2/igO1h6X3HA71jcobQuxemgkq4zYo=
github.com/dustin/go-humanize v1.0.0/go.mod h1:HtrtbFcZ19U5GC7JDqmcUSB87Iq5E25KnS6fMYU6eOk=
github.com/keybase/backoff v1.0.1-0.20160517061000-726b63b835ec h1:D6qL2WCnAuxucGbmL+mDW8IKRK1pex+R1fw5rKa9nXc=
github.com/keybase/backoff v1.0.1-0.20160517061000-726b63b835ec/go.mod h1:jeBKj+20GIDry3doFsAMYH9n7Y3l7ajE3xJrKvVB23s=
github.com/keybase/client/go v0.0.0-20251212162511-577ca7a6452f h1:2Vt8nSX2wFqUDXShjjoBRg0Ycvt0SMyt89wJocEoyz0=
github.com/keybase/client/go v0.0.0-20251212162511-577ca7a6452f/go.mod h1:o4Xz2ngFwNMP/3k+Y2j2GeysO8zxVfe0LoFi23MIHR0=
github.com/keybase/clockwork v0.1.1-0.20161209210251-976f45f4a979 h1:WABVkjKJ3UjbSTgGayemkXfUyZrDwFShivsoIikbM3c=
github.com/keybase/clockwork v0.1.1-0.20161209210251-976f45f4a979/go.mod h1:2j97e0ZjlWYV7dDdV8BjKwMUmBbXu6zZF8FAa9gXRss=
github.com/keybase/go-codec v0.0.0-20180928230036-164397562123 h1:yg56lYPqh9suJepqxOMd/liFgU/x+maRPiB30JNYykM=
github.com/keybase/go-codec v0.0.0-20180928230036-164397562123/go.mod h1:r/eVVWCngg6TsFV/3HuS9sWhDkAzGG8mXhiuYA+Z/20=
github.com/keybase/go-framed-msgpack-rpc v0.0.0-20251030172521-fcbc135cd8e5 h1:IPL82AbpLi24MOK58m1fi8lNJPXR8a4RMU0h8hl8Y/k=
github.com/keybase/go-framed-msgpack-rpc v0.0.0-20251030172521-fcbc135cd8e5/go.mod h1:eN3SkY2uA256gdfW294PZpBGXJHlEJHwX8hx8Hmn+Qs=
github.com/keybase/go-jsonw v0.0.0-20200325173637-df90f282c233 h1:zLk+cB/0ShMCBcgBOXYgellLZiZahXFicJleKyrlqiM=
github.com/keybase/go-jsonw v0.0.0-20200325173637-df90f282c233/go.mod h1:lofKQwj13L0/7ji5VYaY0257JDlQE2BRRf+rI2Vk1rU=
github.com/keybase/msgpackzip v0.0.0-20250106200500-93bf3a4c34cf h1:wG5lhAbfl5Gir35gAdJywwf7tEjPW9oI0jBjzQZysxQ=
github.com/keybase/msgpackzip v0.0.0-20250106200500-93bf3a4c34cf/go.mod h1:XGERKRnPD1bFQJrhQp5XHw4JtZ+u3nlgdx/xrwF13ow=
github.com/pmezard/go-difflib v1.0.0 h1:4DBwDE0NGyQoBHbLQYPwSUPoCMWR5BEzIk/f1lZbAQM=
github.com/pmezard/go-difflib v1.0.0/go.mod h1:iKH77koFhYxTK1pcRnkKkqfTogsbg7gZNVY4sRDYZ/4=
github.com/reiver/go-oi v1.0.0 h1:nvECWD7LF+vOs8leNGV/ww+F2iZKf3EYjYZ527turzM=
github.com/reiver/go-oi v1.0.0/go.mod h1:RrDBct90BAhoDTxB1fenZwfykqeGvhI6LsNfStJoEkI=
github.com/reiver/go-telnet v0.0.0-20180421082511-9ff0b2ab096e h1:quuzZLi72kkJjl+f5AQ93FMcadG19WkS7MO6TXFOSas=
github.com/reiver/go-telnet v0.0.0-20180421082511-9ff0b2ab096e/go.mod h1:+5vNVvEWwEIx86DB9Ke/+a5wBI464eDRo3eF0LcfpWg=
github.com/stretchr/testify v1.11.1 h1:7s2iGBzp5EwR7/aIZr8ao5+dra3wiQyKjjFuvgVKu7U=
github.com/stretchr/testify v1.11.1/go.mod h1:wZwfW3scLgRK+23gO65QZefKpKQRnfz6sD981Nm4B6U=
golang.org/x/net v0.48.0 h1:zyQRTTrjc33Lhh0fBgT/H3oZq9WuvRR5gPC70xpDiQU=
golang.org/x/net v0.48.0/go.mod h1:+ndRgGjkh8FGtu1w1FGbEC31if4VrNVMuKTgcAAnQRY=
golang.org/x/sync v0.14.0 h1:woo0S4Yywslg6hp4eUFjTVOyKt0RookbpAHG4c1HmhQ=
golang.org/x/sync v0.14.0/go.mod h1:1dzgHSNfp02xaA81J2MS99Qcpr2w7fw1gpm99rleRqA=
gopkg.in/check.v1 v0.0.0-20161208181325-20d25e280405 h1:yhCVgyC4o1eVCa2tZl7eS0r+SDo693bJlVdllGtEeKM=
gopkg.in/check.v1 v0.0.0-20161208181325-20d25e280405/go.mod h1:Co6ibVJAznAaIkqp8huTwlJQCZ016jof/cbN4VW5Yz0=
gopkg.in/yaml.v3 v3.0.1 h1:fxVm/GzAzEWqLHuvctI91KS9hhNmmWOoWu0XTYJS7CA=
gopkg.in/yaml.v3 v3.0.1/go.mod h1:K4uyk7z7BCEPqu6E+C64Yfv1cQ7kz7rIZviUmN+EgEM=
